
Microsoft Visual Studio Solution File, Format Version 11.00
# Visual Studio 2010
Project("{FAE04EC0-301F-11D3-BF4B-00C04F79EFBC}") = "UWF", "UWF.csproj", "{31E111C9-5099-4CB3-9405-F8DDFBAC15D1}"
EndProject
Project("{2150E333-8FDC-42A3-9474-1A3956D46DE8}") = "Modules", "Modules", "{252F5135-D333-4684-B360-D139969B54DE}"
EndProject
Project("{FAE04EC0-301F-11D3-BF4B-00C04F79EFBC}") = "Ultimus.UWF.Common", "Modules\Ultimus.UWF.Common\Ultimus.UWF.Common.csproj", "{4E7B6F3F-E6A5-4E48-9022-1BD87730C50C}"
EndProject
Project("{FAE04EC0-301F-11D3-BF4B-00C04F79EFBC}") = "Ultimus.UWF.Form", "Modules\Ultimus.UWF.Form\Ultimus.UWF.Form.csproj", "{A50B38E3-CE17-4EE0-B0DC-B05F9C00C1FF}"
EndProject
Project("{FAE04EC0-301F-11D3-BF4B-00C04F79EFBC}") = "Ultimus.UWF.Form.ProcessControl", "Modules\Ultimus.UWF.Form.ProcessControl\Ultimus.UWF.Form.ProcessControl.csproj", "{6A2E1632-64FE-4B15-BD79-2BCE0B197882}"
EndProject
Project("{FAE04EC0-301F-11D3-BF4B-00C04F79EFBC}") = "Ultimus.UWF.OrgChart", "Modules\Ultimus.UWF.OrgChart\Ultimus.UWF.OrgChart.csproj", "{AF096E41-83B7-4AC3-8B3D-F7389868F025}"
EndProject
Project("{FAE04EC0-301F-11D3-BF4B-00C04F79EFBC}") = "Ultimus.UWF.Workflow", "Modules\Ultimus.UWF.Workflow\Ultimus.UWF.Workflow.csproj", "{5416C705-BEFE-48B1-97D3-854FBAF3EAB7}"
EndProject
Project("{FAE04EC0-301F-11D3-BF4B-00C04F79EFBC}") = "Ultimus.UWF.Home2", "Modules\Ultimus.UWF.Home2\Ultimus.UWF.Home2.csproj", "{DCAEF23F-3DD9-4443-AA17-9F9EFE4A66CE}"
EndProject
Project("{FAE04EC0-301F-11D3-BF4B-00C04F79EFBC}") = "Ultimus.UWF.V7", "Modules\Ultimus.UWF.V7\Ultimus.UWF.V7.csproj", "{182B4944-21DF-49B0-AB9E-09FB63EA4B59}"
EndProject
Project("{FAE04EC0-301F-11D3-BF4B-00C04F79EFBC}") = "Ultimus.UWF.V8", "Modules\Ultimus.UWF.V8\Ultimus.UWF.V8.csproj", "{D23C9839-ED46-4007-95FB-0F87E6C877DE}"
EndProject
Project("{FAE04EC0-301F-11D3-BF4B-00C04F79EFBC}") = "Ultimus.UWF.Office", "Modules\Ultimus.UWF.Office\Ultimus.UWF.Office.csproj", "{00FC1294-A92B-4FE0-BD33-9A5F50517272}"
EndProject
Project("{FAE04EC0-301F-11D3-BF4B-00C04F79EFBC}") = "Ultimus.UWF.Report", "Modules\Ultimus.UWF.Report\Ultimus.UWF.Report.csproj", "{F6FDAB0F-5FC4-4CAB-83B8-77D44A7CF4E7}"
EndProject
Project("{FAE04EC0-301F-11D3-BF4B-00C04F79EFBC}") = "Ultimus.Service.CustomOC.V8", "Modules\Ultimus.Service.CustomOC.V8\Ultimus.Service.CustomOC.V8.csproj", "{B85F6D05-8288-44C3-9911-24138390BB56}"
EndProject
Project("{FAE04EC0-301F-11D3-BF4B-00C04F79EFBC}") = "Presale.Process.TravalExpense", "Modules\Presale.Process.TravalExpense\Presale.Process.TravalExpense.csproj", "{926D8172-2D23-4752-8567-C3157075CBB5}"
EndProject
Project("{FAE04EC0-301F-11D3-BF4B-00C04F79EFBC}") = "Presale.Process.Common", "Modules\Presale.Process.Common\Presale.Process.Common.csproj", "{49137556-9D2B-4630-9B33-BA41515BE0BC}"
EndProject
Project("{FAE04EC0-301F-11D3-BF4B-00C04F79EFBC}") = "Ultimus.UWF.WebService", "Modules\Ultimus.UWF.WebService\Ultimus.UWF.WebService.csproj", "{4A6E0FB8-D169-4F34-A90E-EA8CFA40C37E}"
EndProject
Project("{FAE04EC0-301F-11D3-BF4B-00C04F79EFBC}") = "Presale.Process.Cash Advance", "Modules\Presale.Process.Cash Advance\Presale.Process.Cash Advance.csproj", "{611F9736-9DAA-4502-A2FA-0A489B8AC1F4}"
EndProject
Project("{FAE04EC0-301F-11D3-BF4B-00C04F79EFBC}") = "Presale.Process.PersonalExpense", "Modules\Presale.Process.PersonalExpense\Presale.Process.PersonalExpense.csproj", "{C1618D91-E9DA-48B4-AD7A-3C62CE3F471A}"
EndProject
Project("{FAE04EC0-301F-11D3-BF4B-00C04F79EFBC}") = "Presale.Process.Personal Allowance", "Modules\Presale.Process.Personal Allowance\Presale.Process.Personal Allowance.csproj", "{BABB198C-F09C-4A5C-9ADD-8B291DE5E971}"
EndProject
Project("{FAE04EC0-301F-11D3-BF4B-00C04F79EFBC}") = "Ultimus.UWF.FunctionManager", "Modules\Ultimus.UWF.FunctionManager\Ultimus.UWF.FunctionManager.csproj", "{121903E6-3D51-4FC0-BB94-A34FD7D386F4}"
EndProject
Project("{FAE04EC0-301F-11D3-BF4B-00C04F79EFBC}") = "Ultimus.UWF.Security", "Modules\Ultimus.UWF.Security\Ultimus.UWF.Security.csproj", "{4AA2E97E-D542-49B6-811E-8FE883C18DDF}"
EndProject
Project("{FAE04EC0-301F-11D3-BF4B-00C04F79EFBC}") = "Presale.Process.UseOfCertificate", "Modules\Presale.Process.UseOfCertificate\Presale.Process.UseOfCertificate.csproj", "{EF70BFD1-35D9-428F-B4EC-146A28497662}"
EndProject
Project("{FAE04EC0-301F-11D3-BF4B-00C04F79EFBC}") = "Presale.Process.Badge", "Modules\Presale.Process.Badge\Presale.Process.Badge.csproj", "{393317C6-FE2F-4C21-81EF-3562E9C49733}"
EndProject
Project("{FAE04EC0-301F-11D3-BF4B-00C04F79EFBC}") = "Presale.Process.Key", "Modules\Presale.Process.Key\Presale.Process.Key.csproj", "{22964F13-D5B7-4B6B-8C9E-A3093520F9D7}"
EndProject
Project("{FAE04EC0-301F-11D3-BF4B-00C04F79EFBC}") = "Presale.Process.BadgeLostPeadjustment", "Modules\Presale.Process.BadgeLostPeadjustment\Presale.Process.BadgeLostPeadjustment.csproj", "{87904080-CE7C-42D3-A822-5203ED566589}"
EndProject
Project("{FAE04EC0-301F-11D3-BF4B-00C04F79EFBC}") = "Presale.Process.HongFeiJVAccess", "Modules\Presale.Process.HongFeiJVAccess\Presale.Process.HongFeiJVAccess.csproj", "{6BC06B4F-BA2D-4824-9DEF-78FC16FFFF9A}"
EndProject
Project("{FAE04EC0-301F-11D3-BF4B-00C04F79EFBC}") = "Presale.Process.HongfeiFilghtControl", "Modules\Presale.Process.HongfeiFilghtControl\Presale.Process.HongfeiFilghtControl.csproj", "{86A0D8EF-666D-400C-82C9-575A0A358A08}"
EndProject
Project("{FAE04EC0-301F-11D3-BF4B-00C04F79EFBC}") = "Presale.Process.HongfeiFilghtControlDR", "Modules\Presale.Process.HongfeiFilghtControlDR\Presale.Process.HongfeiFilghtControlDR.csproj", "{029781FB-86B6-4A45-8BEC-4AF30260FDD6}"
EndProject
Project("{FAE04EC0-301F-11D3-BF4B-00C04F79EFBC}") = "Presale.Process.ITChangeRequest", "Modules\Presale.Process.ITChangeRequest\Presale.Process.ITChangeRequest.csproj", "{0928B2A9-342B-41B2-B7D6-B02477D864AB}"
EndProject
Project("{FAE04EC0-301F-11D3-BF4B-00C04F79EFBC}") = "Presale.Process.AssetBorrowing", "Modules\Presale.Process.AssetBorrowing\Presale.Process.AssetBorrowing.csproj", "{DCDC78A9-C4A7-4667-A3B1-AFDB1EE4199D}"
EndProject
Project("{FAE04EC0-301F-11D3-BF4B-00C04F79EFBC}") = "Presale.Process.WebsiteAccess", "Modules\Presale.Process.WebsiteAccess\Presale.Process.WebsiteAccess.csproj", "{97F0A877-D266-442E-AA13-F2EBF29A61A5}"
EndProject
Project("{FAE04EC0-301F-11D3-BF4B-00C04F79EFBC}") = "Presale.Process.HelpDeskRegistration", "Modules\Presale.Process.HelpDeskRegistration\Presale.Process.HelpDeskRegistration.csproj", "{E42E2B8C-8A5C-4A2A-B4CE-5FE339E566A8}"
EndProject
Project("{FAE04EC0-301F-11D3-BF4B-00C04F79EFBC}") = "Presale.Process.OutgoingDocumentSignature", "Modules\Presale.Process.OutgoingDocumentSignature\Presale.Process.OutgoingDocumentSignature.csproj", "{834E57EE-7391-4E86-98DE-9407F80953B4}"
EndProject
Project("{FAE04EC0-301F-11D3-BF4B-00C04F79EFBC}") = "Presale.Process.CompanySeal", "Modules\Presale.Process.CompanySeal\Presale.Process.CompanySeal.csproj", "{8C7D1927-494E-4F0C-B5FA-3AA8B0DA6F54}"
EndProject
Project("{FAE04EC0-301F-11D3-BF4B-00C04F79EFBC}") = "Presale.Process.NewEmployee", "Modules\Presale.Process.NewEmployee\Presale.Process.NewEmployee.csproj", "{B7E067E8-77EA-4176-B582-80CBA9E0F8F1}"
EndProject
Project("{FAE04EC0-301F-11D3-BF4B-00C04F79EFBC}") = "Presale.Process.VoluntaryResignation", "Modules\Presale.Process.VoluntaryResignation\Presale.Process.VoluntaryResignation.csproj", "{7B5C909E-29BE-4235-A9C3-8800090668D8}"
EndProject
Project("{FAE04EC0-301F-11D3-BF4B-00C04F79EFBC}") = "Presale.Process.EmployeeTermination", "Modules\Presale.Process.EmployeeTermination\Presale.Process.EmployeeTermination.csproj", "{C1A7D726-B19C-4C15-9C35-5D0747DF0408}"
EndProject
Project("{FAE04EC0-301F-11D3-BF4B-00C04F79EFBC}") = "Presale.Process.DayOffRecord", "Modules\Presale.Process.DayOffRecord\Presale.Process.DayOffRecord.csproj", "{B20BB482-E3B0-4072-9E57-155A297877B1}"
EndProject
Project("{FAE04EC0-301F-11D3-BF4B-00C04F79EFBC}") = "Presale.Process.Leave", "Modules\Presale.Process.Leave\Presale.Process.Leave.csproj", "{7060DA89-B0A7-4DA6-9C91-D14CDF975B17}"
EndProject
Project("{FAE04EC0-301F-11D3-BF4B-00C04F79EFBC}") = "Presale.Process.OT", "Modules\Presale.Process.OT\Presale.Process.OT.csproj", "{BD9F7185-BB12-4E30-AB45-8665BF1D2D19}"
EndProject
Project("{FAE04EC0-301F-11D3-BF4B-00C04F79EFBC}") = "Presale.Process.EmployeePerformanceReport", "Modules\Presale.Process.EmployeePerformanceReport\Presale.Process.EmployeePerformanceReport.csproj", "{67E5D424-4608-4EE3-AE5C-B419E0A0ABBD}"
EndProject
Project("{FAE04EC0-301F-11D3-BF4B-00C04F79EFBC}") = "Presale.Process.EmployeeTraining", "Modules\Presale.Process.EmployeeTraining\Presale.Process.EmployeeTraining.csproj", "{EC3844FA-70E1-48EA-8E0B-C0875EFECD7D}"
EndProject
Project("{FAE04EC0-301F-11D3-BF4B-00C04F79EFBC}") = "Presale.Process.ProcessPerformance", "Modules\Presale.Process.ProcessPerformance\Presale.Process.ProcessPerformance.csproj", "{496A0B4E-73A4-4124-8801-D56D884FEF92}"
EndProject
Project("{FAE04EC0-301F-11D3-BF4B-00C04F79EFBC}") = "Presale.Process.QualityDocumentManagement", "Modules\Presale.Process.QualityDocumentManagement\Presale.Process.QualityDocumentManagement.csproj", "{DE9F38C3-5725-4330-B86F-1A6CBFCD2A1D}"
EndProject
Project("{FAE04EC0-301F-11D3-BF4B-00C04F79EFBC}") = "Presale.Process.TravelExpenseReport", "Modules\Presale.Process.TravelExpenseReport\Presale.Process.TravelExpenseReport.csproj", "{3F3F1220-F3BB-4D8C-BD69-6E8D6E739ABE}"
EndProject
Project("{FAE04EC0-301F-11D3-BF4B-00C04F79EFBC}") = "Presale.Process.Travel", "Modules\Presale.Process.Travel\Presale.Process.Travel.csproj", "{42E787CE-E02A-472F-80DC-AF1F480A1132}"
EndProject
Project("{FAE04EC0-301F-11D3-BF4B-00C04F79EFBC}") = "Presale.Process.Payment", "Modules\Presale.Process.Payment\Presale.Process.Payment.csproj", "{68AAEB60-71E7-4428-AEBC-8202F2AD5E6C}"
EndProject
Project("{FAE04EC0-301F-11D3-BF4B-00C04F79EFBC}") = "Presale.Process.PurchaseApplication", "Modules\Presale.Process.PurchaseApplication\Presale.Process.PurchaseApplication.csproj", "{C9D6E015-5459-4964-A8DA-08AD4960E55E}"
EndProject
Project("{FAE04EC0-301F-11D3-BF4B-00C04F79EFBC}") = "Presale.Process.PurchaseOrder", "Modules\Presale.Process.PurchaseOrder\Presale.Process.PurchaseOrder.csproj", "{B5901999-4F3C-4313-BF05-70299AE4EC2A}"
EndProject
Project("{FAE04EC0-301F-11D3-BF4B-00C04F79EFBC}") = "Presale.Process.PaymentRequestForm", "Modules\Presale.Process.PaymentRequestForm\Presale.Process.PaymentRequestForm.csproj", "{350FEA40-5A3C-49C8-A6F0-DFE571463C04}"
EndProject
Project("{FAE04EC0-301F-11D3-BF4B-00C04F79EFBC}") = "Presale.Process.BudgetRequestAndApproval", "Modules\Presale.Process.BudgetRequestAndApproval\Presale.Process.BudgetRequestAndApproval.csproj", "{2700E20C-B065-4D30-856E-56F804BC0A5D}"
EndProject
Project("{FAE04EC0-301F-11D3-BF4B-00C04F79EFBC}") = "Presale.Process.LocalExpense", "Modules\Presale.Process.LocalExpense\Presale.Process.LocalExpense.csproj", "{4D06DD3F-9CA3-4E57-A3C9-A95095951AF1}"
EndProject
Project("{FAE04EC0-301F-11D3-BF4B-00C04F79EFBC}") = "Presale.Process.SupplierRegister", "Modules\Presale.Process.SupplierRegister\Presale.Process.SupplierRegister.csproj", "{11D03CDB-AAC6-4105-88E3-96F7CB2C05ED}"
EndProject
Project("{FAE04EC0-301F-11D3-BF4B-00C04F79EFBC}") = "Ultimus.UWF.Workflow.EmailServices", "Modules\Ultimus.UWF.Workflow.EmailServices\Ultimus.UWF.Workflow.EmailServices.csproj", "{46BB675C-7DC0-48ED-95DE-C5A07E589808}"
EndProject
Global
	GlobalSection(SolutionConfigurationPlatforms) = preSolution
		Debug|Any CPU = Debug|Any CPU
		Debug|Mixed Platforms = Debug|Mixed Platforms
		Debug|x86 = Debug|x86
		Release|Any CPU = Release|Any CPU
		Release|Mixed Platforms = Release|Mixed Platforms
		Release|x86 = Release|x86
	EndGlobalSection
	GlobalSection(ProjectConfigurationPlatforms) = postSolution
		{31E111C9-5099-4CB3-9405-F8DDFBAC15D1}.Debug|Any CPU.ActiveCfg = Debug|Any CPU
		{31E111C9-5099-4CB3-9405-F8DDFBAC15D1}.Debug|Any CPU.Build.0 = Debug|Any CPU
		{31E111C9-5099-4CB3-9405-F8DDFBAC15D1}.Debug|Mixed Platforms.ActiveCfg = Debug|Any CPU
		{31E111C9-5099-4CB3-9405-F8DDFBAC15D1}.Debug|Mixed Platforms.Build.0 = Debug|Any CPU
		{31E111C9-5099-4CB3-9405-F8DDFBAC15D1}.Debug|x86.ActiveCfg = Debug|Any CPU
		{31E111C9-5099-4CB3-9405-F8DDFBAC15D1}.Release|Any CPU.ActiveCfg = Release|Any CPU
		{31E111C9-5099-4CB3-9405-F8DDFBAC15D1}.Release|Any CPU.Build.0 = Release|Any CPU
		{31E111C9-5099-4CB3-9405-F8DDFBAC15D1}.Release|Mixed Platforms.ActiveCfg = Release|Any CPU
		{31E111C9-5099-4CB3-9405-F8DDFBAC15D1}.Release|Mixed Platforms.Build.0 = Release|Any CPU
		{31E111C9-5099-4CB3-9405-F8DDFBAC15D1}.Release|x86.ActiveCfg = Release|Any CPU
		{4E7B6F3F-E6A5-4E48-9022-1BD87730C50C}.Debug|Any CPU.ActiveCfg = Debug|Any CPU
		{4E7B6F3F-E6A5-4E48-9022-1BD87730C50C}.Debug|Any CPU.Build.0 = Debug|Any CPU
		{4E7B6F3F-E6A5-4E48-9022-1BD87730C50C}.Debug|Mixed Platforms.ActiveCfg = Debug|Any CPU
		{4E7B6F3F-E6A5-4E48-9022-1BD87730C50C}.Debug|Mixed Platforms.Build.0 = Debug|Any CPU
		{4E7B6F3F-E6A5-4E48-9022-1BD87730C50C}.Debug|x86.ActiveCfg = Debug|Any CPU
		{4E7B6F3F-E6A5-4E48-9022-1BD87730C50C}.Release|Any CPU.ActiveCfg = Release|Any CPU
		{4E7B6F3F-E6A5-4E48-9022-1BD87730C50C}.Release|Any CPU.Build.0 = Release|Any CPU
		{4E7B6F3F-E6A5-4E48-9022-1BD87730C50C}.Release|Mixed Platforms.ActiveCfg = Release|Any CPU
		{4E7B6F3F-E6A5-4E48-9022-1BD87730C50C}.Release|Mixed Platforms.Build.0 = Release|Any CPU
		{4E7B6F3F-E6A5-4E48-9022-1BD87730C50C}.Release|x86.ActiveCfg = Release|Any CPU
		{A50B38E3-CE17-4EE0-B0DC-B05F9C00C1FF}.Debug|Any CPU.ActiveCfg = Debug|Any CPU
		{A50B38E3-CE17-4EE0-B0DC-B05F9C00C1FF}.Debug|Any CPU.Build.0 = Debug|Any CPU
		{A50B38E3-CE17-4EE0-B0DC-B05F9C00C1FF}.Debug|Mixed Platforms.ActiveCfg = Debug|Any CPU
		{A50B38E3-CE17-4EE0-B0DC-B05F9C00C1FF}.Debug|Mixed Platforms.Build.0 = Debug|Any CPU
		{A50B38E3-CE17-4EE0-B0DC-B05F9C00C1FF}.Debug|x86.ActiveCfg = Debug|Any CPU
		{A50B38E3-CE17-4EE0-B0DC-B05F9C00C1FF}.Release|Any CPU.ActiveCfg = Release|Any CPU
		{A50B38E3-CE17-4EE0-B0DC-B05F9C00C1FF}.Release|Any CPU.Build.0 = Release|Any CPU
		{A50B38E3-CE17-4EE0-B0DC-B05F9C00C1FF}.Release|Mixed Platforms.ActiveCfg = Release|Any CPU
		{A50B38E3-CE17-4EE0-B0DC-B05F9C00C1FF}.Release|Mixed Platforms.Build.0 = Release|Any CPU
		{A50B38E3-CE17-4EE0-B0DC-B05F9C00C1FF}.Release|x86.ActiveCfg = Release|Any CPU
		{6A2E1632-64FE-4B15-BD79-2BCE0B197882}.Debug|Any CPU.ActiveCfg = Debug|Any CPU
		{6A2E1632-64FE-4B15-BD79-2BCE0B197882}.Debug|Any CPU.Build.0 = Debug|Any CPU
		{6A2E1632-64FE-4B15-BD79-2BCE0B197882}.Debug|Mixed Platforms.ActiveCfg = Debug|Any CPU
		{6A2E1632-64FE-4B15-BD79-2BCE0B197882}.Debug|Mixed Platforms.Build.0 = Debug|Any CPU
		{6A2E1632-64FE-4B15-BD79-2BCE0B197882}.Debug|x86.ActiveCfg = Debug|Any CPU
		{6A2E1632-64FE-4B15-BD79-2BCE0B197882}.Release|Any CPU.ActiveCfg = Release|Any CPU
		{6A2E1632-64FE-4B15-BD79-2BCE0B197882}.Release|Any CPU.Build.0 = Release|Any CPU
		{6A2E1632-64FE-4B15-BD79-2BCE0B197882}.Release|Mixed Platforms.ActiveCfg = Release|Any CPU
		{6A2E1632-64FE-4B15-BD79-2BCE0B197882}.Release|Mixed Platforms.Build.0 = Release|Any CPU
		{6A2E1632-64FE-4B15-BD79-2BCE0B197882}.Release|x86.ActiveCfg = Release|Any CPU
		{AF096E41-83B7-4AC3-8B3D-F7389868F025}.Debug|Any CPU.ActiveCfg = Debug|Any CPU
		{AF096E41-83B7-4AC3-8B3D-F7389868F025}.Debug|Any CPU.Build.0 = Debug|Any CPU
		{AF096E41-83B7-4AC3-8B3D-F7389868F025}.Debug|Mixed Platforms.ActiveCfg = Debug|Any CPU
		{AF096E41-83B7-4AC3-8B3D-F7389868F025}.Debug|Mixed Platforms.Build.0 = Debug|Any CPU
		{AF096E41-83B7-4AC3-8B3D-F7389868F025}.Debug|x86.ActiveCfg = Debug|Any CPU
		{AF096E41-83B7-4AC3-8B3D-F7389868F025}.Release|Any CPU.ActiveCfg = Release|Any CPU
		{AF096E41-83B7-4AC3-8B3D-F7389868F025}.Release|Any CPU.Build.0 = Release|Any CPU
		{AF096E41-83B7-4AC3-8B3D-F7389868F025}.Release|Mixed Platforms.ActiveCfg = Release|Any CPU
		{AF096E41-83B7-4AC3-8B3D-F7389868F025}.Release|Mixed Platforms.Build.0 = Release|Any CPU
		{AF096E41-83B7-4AC3-8B3D-F7389868F025}.Release|x86.ActiveCfg = Release|Any CPU
		{5416C705-BEFE-48B1-97D3-854FBAF3EAB7}.Debug|Any CPU.ActiveCfg = Debug|Any CPU
		{5416C705-BEFE-48B1-97D3-854FBAF3EAB7}.Debug|Any CPU.Build.0 = Debug|Any CPU
		{5416C705-BEFE-48B1-97D3-854FBAF3EAB7}.Debug|Mixed Platforms.ActiveCfg = Debug|Any CPU
		{5416C705-BEFE-48B1-97D3-854FBAF3EAB7}.Debug|Mixed Platforms.Build.0 = Debug|Any CPU
		{5416C705-BEFE-48B1-97D3-854FBAF3EAB7}.Debug|x86.ActiveCfg = Debug|Any CPU
		{5416C705-BEFE-48B1-97D3-854FBAF3EAB7}.Release|Any CPU.ActiveCfg = Release|Any CPU
		{5416C705-BEFE-48B1-97D3-854FBAF3EAB7}.Release|Any CPU.Build.0 = Release|Any CPU
		{5416C705-BEFE-48B1-97D3-854FBAF3EAB7}.Release|Mixed Platforms.ActiveCfg = Release|Any CPU
		{5416C705-BEFE-48B1-97D3-854FBAF3EAB7}.Release|Mixed Platforms.Build.0 = Release|Any CPU
		{5416C705-BEFE-48B1-97D3-854FBAF3EAB7}.Release|x86.ActiveCfg = Release|Any CPU
		{DCAEF23F-3DD9-4443-AA17-9F9EFE4A66CE}.Debug|Any CPU.ActiveCfg = Debug|Any CPU
		{DCAEF23F-3DD9-4443-AA17-9F9EFE4A66CE}.Debug|Any CPU.Build.0 = Debug|Any CPU
		{DCAEF23F-3DD9-4443-AA17-9F9EFE4A66CE}.Debug|Mixed Platforms.ActiveCfg = Debug|Any CPU
		{DCAEF23F-3DD9-4443-AA17-9F9EFE4A66CE}.Debug|Mixed Platforms.Build.0 = Debug|Any CPU
		{DCAEF23F-3DD9-4443-AA17-9F9EFE4A66CE}.Debug|x86.ActiveCfg = Debug|Any CPU
		{DCAEF23F-3DD9-4443-AA17-9F9EFE4A66CE}.Release|Any CPU.ActiveCfg = Release|Any CPU
		{DCAEF23F-3DD9-4443-AA17-9F9EFE4A66CE}.Release|Any CPU.Build.0 = Release|Any CPU
		{DCAEF23F-3DD9-4443-AA17-9F9EFE4A66CE}.Release|Mixed Platforms.ActiveCfg = Release|Any CPU
		{DCAEF23F-3DD9-4443-AA17-9F9EFE4A66CE}.Release|Mixed Platforms.Build.0 = Release|Any CPU
		{DCAEF23F-3DD9-4443-AA17-9F9EFE4A66CE}.Release|x86.ActiveCfg = Release|Any CPU
		{182B4944-21DF-49B0-AB9E-09FB63EA4B59}.Debug|Any CPU.ActiveCfg = Debug|Any CPU
		{182B4944-21DF-49B0-AB9E-09FB63EA4B59}.Debug|Any CPU.Build.0 = Debug|Any CPU
		{182B4944-21DF-49B0-AB9E-09FB63EA4B59}.Debug|Mixed Platforms.ActiveCfg = Debug|Any CPU
		{182B4944-21DF-49B0-AB9E-09FB63EA4B59}.Debug|Mixed Platforms.Build.0 = Debug|Any CPU
		{182B4944-21DF-49B0-AB9E-09FB63EA4B59}.Debug|x86.ActiveCfg = Debug|Any CPU
		{182B4944-21DF-49B0-AB9E-09FB63EA4B59}.Release|Any CPU.ActiveCfg = Release|Any CPU
		{182B4944-21DF-49B0-AB9E-09FB63EA4B59}.Release|Any CPU.Build.0 = Release|Any CPU
		{182B4944-21DF-49B0-AB9E-09FB63EA4B59}.Release|Mixed Platforms.ActiveCfg = Release|Any CPU
		{182B4944-21DF-49B0-AB9E-09FB63EA4B59}.Release|Mixed Platforms.Build.0 = Release|Any CPU
		{182B4944-21DF-49B0-AB9E-09FB63EA4B59}.Release|x86.ActiveCfg = Release|Any CPU
		{D23C9839-ED46-4007-95FB-0F87E6C877DE}.Debug|Any CPU.ActiveCfg = Debug|Any CPU
		{D23C9839-ED46-4007-95FB-0F87E6C877DE}.Debug|Any CPU.Build.0 = Debug|Any CPU
		{D23C9839-ED46-4007-95FB-0F87E6C877DE}.Debug|Mixed Platforms.ActiveCfg = Debug|Any CPU
		{D23C9839-ED46-4007-95FB-0F87E6C877DE}.Debug|Mixed Platforms.Build.0 = Debug|Any CPU
		{D23C9839-ED46-4007-95FB-0F87E6C877DE}.Debug|x86.ActiveCfg = Debug|Any CPU
		{D23C9839-ED46-4007-95FB-0F87E6C877DE}.Release|Any CPU.ActiveCfg = Release|Any CPU
		{D23C9839-ED46-4007-95FB-0F87E6C877DE}.Release|Any CPU.Build.0 = Release|Any CPU
		{D23C9839-ED46-4007-95FB-0F87E6C877DE}.Release|Mixed Platforms.ActiveCfg = Release|Any CPU
		{D23C9839-ED46-4007-95FB-0F87E6C877DE}.Release|Mixed Platforms.Build.0 = Release|Any CPU
		{D23C9839-ED46-4007-95FB-0F87E6C877DE}.Release|x86.ActiveCfg = Release|Any CPU
		{00FC1294-A92B-4FE0-BD33-9A5F50517272}.Debug|Any CPU.ActiveCfg = Debug|Any CPU
		{00FC1294-A92B-4FE0-BD33-9A5F50517272}.Debug|Any CPU.Build.0 = Debug|Any CPU
		{00FC1294-A92B-4FE0-BD33-9A5F50517272}.Debug|Mixed Platforms.ActiveCfg = Debug|Any CPU
		{00FC1294-A92B-4FE0-BD33-9A5F50517272}.Debug|Mixed Platforms.Build.0 = Debug|Any CPU
		{00FC1294-A92B-4FE0-BD33-9A5F50517272}.Debug|x86.ActiveCfg = Debug|Any CPU
		{00FC1294-A92B-4FE0-BD33-9A5F50517272}.Release|Any CPU.ActiveCfg = Release|Any CPU
		{00FC1294-A92B-4FE0-BD33-9A5F50517272}.Release|Any CPU.Build.0 = Release|Any CPU
		{00FC1294-A92B-4FE0-BD33-9A5F50517272}.Release|Mixed Platforms.ActiveCfg = Release|Any CPU
		{00FC1294-A92B-4FE0-BD33-9A5F50517272}.Release|Mixed Platforms.Build.0 = Release|Any CPU
		{00FC1294-A92B-4FE0-BD33-9A5F50517272}.Release|x86.ActiveCfg = Release|Any CPU
		{F6FDAB0F-5FC4-4CAB-83B8-77D44A7CF4E7}.Debug|Any CPU.ActiveCfg = Debug|Any CPU
		{F6FDAB0F-5FC4-4CAB-83B8-77D44A7CF4E7}.Debug|Any CPU.Build.0 = Debug|Any CPU
		{F6FDAB0F-5FC4-4CAB-83B8-77D44A7CF4E7}.Debug|Mixed Platforms.ActiveCfg = Debug|Any CPU
		{F6FDAB0F-5FC4-4CAB-83B8-77D44A7CF4E7}.Debug|Mixed Platforms.Build.0 = Debug|Any CPU
		{F6FDAB0F-5FC4-4CAB-83B8-77D44A7CF4E7}.Debug|x86.ActiveCfg = Debug|Any CPU
		{F6FDAB0F-5FC4-4CAB-83B8-77D44A7CF4E7}.Release|Any CPU.ActiveCfg = Release|Any CPU
		{F6FDAB0F-5FC4-4CAB-83B8-77D44A7CF4E7}.Release|Any CPU.Build.0 = Release|Any CPU
		{F6FDAB0F-5FC4-4CAB-83B8-77D44A7CF4E7}.Release|Mixed Platforms.ActiveCfg = Release|Any CPU
		{F6FDAB0F-5FC4-4CAB-83B8-77D44A7CF4E7}.Release|Mixed Platforms.Build.0 = Release|Any CPU
		{F6FDAB0F-5FC4-4CAB-83B8-77D44A7CF4E7}.Release|x86.ActiveCfg = Release|Any CPU
		{B85F6D05-8288-44C3-9911-24138390BB56}.Debug|Any CPU.ActiveCfg = Debug|Any CPU
		{B85F6D05-8288-44C3-9911-24138390BB56}.Debug|Any CPU.Build.0 = Debug|Any CPU
		{B85F6D05-8288-44C3-9911-24138390BB56}.Debug|Mixed Platforms.ActiveCfg = Debug|Any CPU
		{B85F6D05-8288-44C3-9911-24138390BB56}.Debug|Mixed Platforms.Build.0 = Debug|Any CPU
		{B85F6D05-8288-44C3-9911-24138390BB56}.Debug|x86.ActiveCfg = Debug|Any CPU
		{B85F6D05-8288-44C3-9911-24138390BB56}.Release|Any CPU.ActiveCfg = Release|Any CPU
		{B85F6D05-8288-44C3-9911-24138390BB56}.Release|Any CPU.Build.0 = Release|Any CPU
		{B85F6D05-8288-44C3-9911-24138390BB56}.Release|Mixed Platforms.ActiveCfg = Release|Any CPU
		{B85F6D05-8288-44C3-9911-24138390BB56}.Release|Mixed Platforms.Build.0 = Release|Any CPU
		{B85F6D05-8288-44C3-9911-24138390BB56}.Release|x86.ActiveCfg = Release|Any CPU
		{926D8172-2D23-4752-8567-C3157075CBB5}.Debug|Any CPU.ActiveCfg = Debug|Any CPU
		{926D8172-2D23-4752-8567-C3157075CBB5}.Debug|Any CPU.Build.0 = Debug|Any CPU
		{926D8172-2D23-4752-8567-C3157075CBB5}.Debug|Mixed Platforms.ActiveCfg = Debug|Any CPU
		{926D8172-2D23-4752-8567-C3157075CBB5}.Debug|Mixed Platforms.Build.0 = Debug|Any CPU
		{926D8172-2D23-4752-8567-C3157075CBB5}.Debug|x86.ActiveCfg = Debug|Any CPU
		{926D8172-2D23-4752-8567-C3157075CBB5}.Release|Any CPU.ActiveCfg = Release|Any CPU
		{926D8172-2D23-4752-8567-C3157075CBB5}.Release|Any CPU.Build.0 = Release|Any CPU
		{926D8172-2D23-4752-8567-C3157075CBB5}.Release|Mixed Platforms.ActiveCfg = Release|Any CPU
		{926D8172-2D23-4752-8567-C3157075CBB5}.Release|Mixed Platforms.Build.0 = Release|Any CPU
		{926D8172-2D23-4752-8567-C3157075CBB5}.Release|x86.ActiveCfg = Release|Any CPU
		{49137556-9D2B-4630-9B33-BA41515BE0BC}.Debug|Any CPU.ActiveCfg = Debug|Any CPU
		{49137556-9D2B-4630-9B33-BA41515BE0BC}.Debug|Any CPU.Build.0 = Debug|Any CPU
		{49137556-9D2B-4630-9B33-BA41515BE0BC}.Debug|Mixed Platforms.ActiveCfg = Debug|Any CPU
		{49137556-9D2B-4630-9B33-BA41515BE0BC}.Debug|Mixed Platforms.Build.0 = Debug|Any CPU
		{49137556-9D2B-4630-9B33-BA41515BE0BC}.Debug|x86.ActiveCfg = Debug|Any CPU
		{49137556-9D2B-4630-9B33-BA41515BE0BC}.Release|Any CPU.ActiveCfg = Release|Any CPU
		{49137556-9D2B-4630-9B33-BA41515BE0BC}.Release|Any CPU.Build.0 = Release|Any CPU
		{49137556-9D2B-4630-9B33-BA41515BE0BC}.Release|Mixed Platforms.ActiveCfg = Release|Any CPU
		{49137556-9D2B-4630-9B33-BA41515BE0BC}.Release|Mixed Platforms.Build.0 = Release|Any CPU
		{49137556-9D2B-4630-9B33-BA41515BE0BC}.Release|x86.ActiveCfg = Release|Any CPU
		{4A6E0FB8-D169-4F34-A90E-EA8CFA40C37E}.Debug|Any CPU.ActiveCfg = Debug|Any CPU
		{4A6E0FB8-D169-4F34-A90E-EA8CFA40C37E}.Debug|Any CPU.Build.0 = Debug|Any CPU
		{4A6E0FB8-D169-4F34-A90E-EA8CFA40C37E}.Debug|Mixed Platforms.ActiveCfg = Debug|Any CPU
		{4A6E0FB8-D169-4F34-A90E-EA8CFA40C37E}.Debug|Mixed Platforms.Build.0 = Debug|Any CPU
		{4A6E0FB8-D169-4F34-A90E-EA8CFA40C37E}.Debug|x86.ActiveCfg = Debug|Any CPU
		{4A6E0FB8-D169-4F34-A90E-EA8CFA40C37E}.Release|Any CPU.ActiveCfg = Release|Any CPU
		{4A6E0FB8-D169-4F34-A90E-EA8CFA40C37E}.Release|Any CPU.Build.0 = Release|Any CPU
		{4A6E0FB8-D169-4F34-A90E-EA8CFA40C37E}.Release|Mixed Platforms.ActiveCfg = Release|Any CPU
		{4A6E0FB8-D169-4F34-A90E-EA8CFA40C37E}.Release|Mixed Platforms.Build.0 = Release|Any CPU
		{4A6E0FB8-D169-4F34-A90E-EA8CFA40C37E}.Release|x86.ActiveCfg = Release|Any CPU
		{611F9736-9DAA-4502-A2FA-0A489B8AC1F4}.Debug|Any CPU.ActiveCfg = Debug|Any CPU
		{611F9736-9DAA-4502-A2FA-0A489B8AC1F4}.Debug|Any CPU.Build.0 = Debug|Any CPU
		{611F9736-9DAA-4502-A2FA-0A489B8AC1F4}.Debug|Mixed Platforms.ActiveCfg = Debug|Any CPU
		{611F9736-9DAA-4502-A2FA-0A489B8AC1F4}.Debug|Mixed Platforms.Build.0 = Debug|Any CPU
		{611F9736-9DAA-4502-A2FA-0A489B8AC1F4}.Debug|x86.ActiveCfg = Debug|Any CPU
		{611F9736-9DAA-4502-A2FA-0A489B8AC1F4}.Release|Any CPU.ActiveCfg = Release|Any CPU
		{611F9736-9DAA-4502-A2FA-0A489B8AC1F4}.Release|Any CPU.Build.0 = Release|Any CPU
		{611F9736-9DAA-4502-A2FA-0A489B8AC1F4}.Release|Mixed Platforms.ActiveCfg = Release|Any CPU
		{611F9736-9DAA-4502-A2FA-0A489B8AC1F4}.Release|Mixed Platforms.Build.0 = Release|Any CPU
		{611F9736-9DAA-4502-A2FA-0A489B8AC1F4}.Release|x86.ActiveCfg = Release|Any CPU
		{C1618D91-E9DA-48B4-AD7A-3C62CE3F471A}.Debug|Any CPU.ActiveCfg = Debug|Any CPU
		{C1618D91-E9DA-48B4-AD7A-3C62CE3F471A}.Debug|Any CPU.Build.0 = Debug|Any CPU
		{C1618D91-E9DA-48B4-AD7A-3C62CE3F471A}.Debug|Mixed Platforms.ActiveCfg = Debug|Any CPU
		{C1618D91-E9DA-48B4-AD7A-3C62CE3F471A}.Debug|Mixed Platforms.Build.0 = Debug|Any CPU
		{C1618D91-E9DA-48B4-AD7A-3C62CE3F471A}.Debug|x86.ActiveCfg = Debug|Any CPU
		{C1618D91-E9DA-48B4-AD7A-3C62CE3F471A}.Release|Any CPU.ActiveCfg = Release|Any CPU
		{C1618D91-E9DA-48B4-AD7A-3C62CE3F471A}.Release|Any CPU.Build.0 = Release|Any CPU
		{C1618D91-E9DA-48B4-AD7A-3C62CE3F471A}.Release|Mixed Platforms.ActiveCfg = Release|Any CPU
		{C1618D91-E9DA-48B4-AD7A-3C62CE3F471A}.Release|Mixed Platforms.Build.0 = Release|Any CPU
		{C1618D91-E9DA-48B4-AD7A-3C62CE3F471A}.Release|x86.ActiveCfg = Release|Any CPU
		{BABB198C-F09C-4A5C-9ADD-8B291DE5E971}.Debug|Any CPU.ActiveCfg = Debug|Any CPU
		{BABB198C-F09C-4A5C-9ADD-8B291DE5E971}.Debug|Any CPU.Build.0 = Debug|Any CPU
		{BABB198C-F09C-4A5C-9ADD-8B291DE5E971}.Debug|Mixed Platforms.ActiveCfg = Debug|Any CPU
		{BABB198C-F09C-4A5C-9ADD-8B291DE5E971}.Debug|Mixed Platforms.Build.0 = Debug|Any CPU
		{BABB198C-F09C-4A5C-9ADD-8B291DE5E971}.Debug|x86.ActiveCfg = Debug|Any CPU
		{BABB198C-F09C-4A5C-9ADD-8B291DE5E971}.Release|Any CPU.ActiveCfg = Release|Any CPU
		{BABB198C-F09C-4A5C-9ADD-8B291DE5E971}.Release|Any CPU.Build.0 = Release|Any CPU
		{BABB198C-F09C-4A5C-9ADD-8B291DE5E971}.Release|Mixed Platforms.ActiveCfg = Release|Any CPU
		{BABB198C-F09C-4A5C-9ADD-8B291DE5E971}.Release|Mixed Platforms.Build.0 = Release|Any CPU
		{BABB198C-F09C-4A5C-9ADD-8B291DE5E971}.Release|x86.ActiveCfg = Release|Any CPU
		{121903E6-3D51-4FC0-BB94-A34FD7D386F4}.Debug|Any CPU.ActiveCfg = Debug|Any CPU
		{121903E6-3D51-4FC0-BB94-A34FD7D386F4}.Debug|Any CPU.Build.0 = Debug|Any CPU
		{121903E6-3D51-4FC0-BB94-A34FD7D386F4}.Debug|Mixed Platforms.ActiveCfg = Debug|Any CPU
		{121903E6-3D51-4FC0-BB94-A34FD7D386F4}.Debug|Mixed Platforms.Build.0 = Debug|Any CPU
		{121903E6-3D51-4FC0-BB94-A34FD7D386F4}.Debug|x86.ActiveCfg = Debug|Any CPU
		{121903E6-3D51-4FC0-BB94-A34FD7D386F4}.Release|Any CPU.ActiveCfg = Release|Any CPU
		{121903E6-3D51-4FC0-BB94-A34FD7D386F4}.Release|Any CPU.Build.0 = Release|Any CPU
		{121903E6-3D51-4FC0-BB94-A34FD7D386F4}.Release|Mixed Platforms.ActiveCfg = Release|Any CPU
		{121903E6-3D51-4FC0-BB94-A34FD7D386F4}.Release|Mixed Platforms.Build.0 = Release|Any CPU
		{121903E6-3D51-4FC0-BB94-A34FD7D386F4}.Release|x86.ActiveCfg = Release|Any CPU
		{4AA2E97E-D542-49B6-811E-8FE883C18DDF}.Debug|Any CPU.ActiveCfg = Debug|Any CPU
		{4AA2E97E-D542-49B6-811E-8FE883C18DDF}.Debug|Any CPU.Build.0 = Debug|Any CPU
		{4AA2E97E-D542-49B6-811E-8FE883C18DDF}.Debug|Mixed Platforms.ActiveCfg = Debug|Any CPU
		{4AA2E97E-D542-49B6-811E-8FE883C18DDF}.Debug|Mixed Platforms.Build.0 = Debug|Any CPU
		{4AA2E97E-D542-49B6-811E-8FE883C18DDF}.Debug|x86.ActiveCfg = Debug|Any CPU
		{4AA2E97E-D542-49B6-811E-8FE883C18DDF}.Release|Any CPU.ActiveCfg = Release|Any CPU
		{4AA2E97E-D542-49B6-811E-8FE883C18DDF}.Release|Any CPU.Build.0 = Release|Any CPU
		{4AA2E97E-D542-49B6-811E-8FE883C18DDF}.Release|Mixed Platforms.ActiveCfg = Release|Any CPU
		{4AA2E97E-D542-49B6-811E-8FE883C18DDF}.Release|Mixed Platforms.Build.0 = Release|Any CPU
		{4AA2E97E-D542-49B6-811E-8FE883C18DDF}.Release|x86.ActiveCfg = Release|Any CPU
		{EF70BFD1-35D9-428F-B4EC-146A28497662}.Debug|Any CPU.ActiveCfg = Debug|Any CPU
		{EF70BFD1-35D9-428F-B4EC-146A28497662}.Debug|Any CPU.Build.0 = Debug|Any CPU
		{EF70BFD1-35D9-428F-B4EC-146A28497662}.Debug|Mixed Platforms.ActiveCfg = Debug|Any CPU
		{EF70BFD1-35D9-428F-B4EC-146A28497662}.Debug|Mixed Platforms.Build.0 = Debug|Any CPU
		{EF70BFD1-35D9-428F-B4EC-146A28497662}.Debug|x86.ActiveCfg = Debug|Any CPU
		{EF70BFD1-35D9-428F-B4EC-146A28497662}.Release|Any CPU.ActiveCfg = Release|Any CPU
		{EF70BFD1-35D9-428F-B4EC-146A28497662}.Release|Any CPU.Build.0 = Release|Any CPU
		{EF70BFD1-35D9-428F-B4EC-146A28497662}.Release|Mixed Platforms.ActiveCfg = Release|Any CPU
		{EF70BFD1-35D9-428F-B4EC-146A28497662}.Release|Mixed Platforms.Build.0 = Release|Any CPU
		{EF70BFD1-35D9-428F-B4EC-146A28497662}.Release|x86.ActiveCfg = Release|Any CPU
		{393317C6-FE2F-4C21-81EF-3562E9C49733}.Debug|Any CPU.ActiveCfg = Debug|Any CPU
		{393317C6-FE2F-4C21-81EF-3562E9C49733}.Debug|Any CPU.Build.0 = Debug|Any CPU
		{393317C6-FE2F-4C21-81EF-3562E9C49733}.Debug|Mixed Platforms.ActiveCfg = Debug|Any CPU
		{393317C6-FE2F-4C21-81EF-3562E9C49733}.Debug|Mixed Platforms.Build.0 = Debug|Any CPU
		{393317C6-FE2F-4C21-81EF-3562E9C49733}.Debug|x86.ActiveCfg = Debug|Any CPU
		{393317C6-FE2F-4C21-81EF-3562E9C49733}.Release|Any CPU.ActiveCfg = Release|Any CPU
		{393317C6-FE2F-4C21-81EF-3562E9C49733}.Release|Any CPU.Build.0 = Release|Any CPU
		{393317C6-FE2F-4C21-81EF-3562E9C49733}.Release|Mixed Platforms.ActiveCfg = Release|Any CPU
		{393317C6-FE2F-4C21-81EF-3562E9C49733}.Release|Mixed Platforms.Build.0 = Release|Any CPU
		{393317C6-FE2F-4C21-81EF-3562E9C49733}.Release|x86.ActiveCfg = Release|Any CPU
		{22964F13-D5B7-4B6B-8C9E-A3093520F9D7}.Debug|Any CPU.ActiveCfg = Debug|Any CPU
		{22964F13-D5B7-4B6B-8C9E-A3093520F9D7}.Debug|Any CPU.Build.0 = Debug|Any CPU
		{22964F13-D5B7-4B6B-8C9E-A3093520F9D7}.Debug|Mixed Platforms.ActiveCfg = Debug|Any CPU
		{22964F13-D5B7-4B6B-8C9E-A3093520F9D7}.Debug|Mixed Platforms.Build.0 = Debug|Any CPU
		{22964F13-D5B7-4B6B-8C9E-A3093520F9D7}.Debug|x86.ActiveCfg = Debug|Any CPU
		{22964F13-D5B7-4B6B-8C9E-A3093520F9D7}.Release|Any CPU.ActiveCfg = Release|Any CPU
		{22964F13-D5B7-4B6B-8C9E-A3093520F9D7}.Release|Any CPU.Build.0 = Release|Any CPU
		{22964F13-D5B7-4B6B-8C9E-A3093520F9D7}.Release|Mixed Platforms.ActiveCfg = Release|Any CPU
		{22964F13-D5B7-4B6B-8C9E-A3093520F9D7}.Release|Mixed Platforms.Build.0 = Release|Any CPU
		{22964F13-D5B7-4B6B-8C9E-A3093520F9D7}.Release|x86.ActiveCfg = Release|Any CPU
		{87904080-CE7C-42D3-A822-5203ED566589}.Debug|Any CPU.ActiveCfg = Debug|Any CPU
		{87904080-CE7C-42D3-A822-5203ED566589}.Debug|Any CPU.Build.0 = Debug|Any CPU
		{87904080-CE7C-42D3-A822-5203ED566589}.Debug|Mixed Platforms.ActiveCfg = Debug|Any CPU
		{87904080-CE7C-42D3-A822-5203ED566589}.Debug|Mixed Platforms.Build.0 = Debug|Any CPU
		{87904080-CE7C-42D3-A822-5203ED566589}.Debug|x86.ActiveCfg = Debug|Any CPU
		{87904080-CE7C-42D3-A822-5203ED566589}.Release|Any CPU.ActiveCfg = Release|Any CPU
		{87904080-CE7C-42D3-A822-5203ED566589}.Release|Any CPU.Build.0 = Release|Any CPU
		{87904080-CE7C-42D3-A822-5203ED566589}.Release|Mixed Platforms.ActiveCfg = Release|Any CPU
		{87904080-CE7C-42D3-A822-5203ED566589}.Release|Mixed Platforms.Build.0 = Release|Any CPU
		{87904080-CE7C-42D3-A822-5203ED566589}.Release|x86.ActiveCfg = Release|Any CPU
		{6BC06B4F-BA2D-4824-9DEF-78FC16FFFF9A}.Debug|Any CPU.ActiveCfg = Debug|Any CPU
		{6BC06B4F-BA2D-4824-9DEF-78FC16FFFF9A}.Debug|Any CPU.Build.0 = Debug|Any CPU
		{6BC06B4F-BA2D-4824-9DEF-78FC16FFFF9A}.Debug|Mixed Platforms.ActiveCfg = Debug|Any CPU
		{6BC06B4F-BA2D-4824-9DEF-78FC16FFFF9A}.Debug|Mixed Platforms.Build.0 = Debug|Any CPU
		{6BC06B4F-BA2D-4824-9DEF-78FC16FFFF9A}.Debug|x86.ActiveCfg = Debug|Any CPU
		{6BC06B4F-BA2D-4824-9DEF-78FC16FFFF9A}.Release|Any CPU.ActiveCfg = Release|Any CPU
		{6BC06B4F-BA2D-4824-9DEF-78FC16FFFF9A}.Release|Any CPU.Build.0 = Release|Any CPU
		{6BC06B4F-BA2D-4824-9DEF-78FC16FFFF9A}.Release|Mixed Platforms.ActiveCfg = Release|Any CPU
		{6BC06B4F-BA2D-4824-9DEF-78FC16FFFF9A}.Release|Mixed Platforms.Build.0 = Release|Any CPU
		{6BC06B4F-BA2D-4824-9DEF-78FC16FFFF9A}.Release|x86.ActiveCfg = Release|Any CPU
		{86A0D8EF-666D-400C-82C9-575A0A358A08}.Debug|Any CPU.ActiveCfg = Debug|Any CPU
		{86A0D8EF-666D-400C-82C9-575A0A358A08}.Debug|Any CPU.Build.0 = Debug|Any CPU
		{86A0D8EF-666D-400C-82C9-575A0A358A08}.Debug|Mixed Platforms.ActiveCfg = Debug|Any CPU
		{86A0D8EF-666D-400C-82C9-575A0A358A08}.Debug|Mixed Platforms.Build.0 = Debug|Any CPU
		{86A0D8EF-666D-400C-82C9-575A0A358A08}.Debug|x86.ActiveCfg = Debug|Any CPU
		{86A0D8EF-666D-400C-82C9-575A0A358A08}.Release|Any CPU.ActiveCfg = Release|Any CPU
		{86A0D8EF-666D-400C-82C9-575A0A358A08}.Release|Any CPU.Build.0 = Release|Any CPU
		{86A0D8EF-666D-400C-82C9-575A0A358A08}.Release|Mixed Platforms.ActiveCfg = Release|Any CPU
		{86A0D8EF-666D-400C-82C9-575A0A358A08}.Release|Mixed Platforms.Build.0 = Release|Any CPU
		{86A0D8EF-666D-400C-82C9-575A0A358A08}.Release|x86.ActiveCfg = Release|Any CPU
		{029781FB-86B6-4A45-8BEC-4AF30260FDD6}.Debug|Any CPU.ActiveCfg = Debug|Any CPU
		{029781FB-86B6-4A45-8BEC-4AF30260FDD6}.Debug|Any CPU.Build.0 = Debug|Any CPU
		{029781FB-86B6-4A45-8BEC-4AF30260FDD6}.Debug|Mixed Platforms.ActiveCfg = Debug|Any CPU
		{029781FB-86B6-4A45-8BEC-4AF30260FDD6}.Debug|Mixed Platforms.Build.0 = Debug|Any CPU
		{029781FB-86B6-4A45-8BEC-4AF30260FDD6}.Debug|x86.ActiveCfg = Debug|Any CPU
		{029781FB-86B6-4A45-8BEC-4AF30260FDD6}.Release|Any CPU.ActiveCfg = Release|Any CPU
		{029781FB-86B6-4A45-8BEC-4AF30260FDD6}.Release|Any CPU.Build.0 = Release|Any CPU
		{029781FB-86B6-4A45-8BEC-4AF30260FDD6}.Release|Mixed Platforms.ActiveCfg = Release|Any CPU
		{029781FB-86B6-4A45-8BEC-4AF30260FDD6}.Release|Mixed Platforms.Build.0 = Release|Any CPU
		{029781FB-86B6-4A45-8BEC-4AF30260FDD6}.Release|x86.ActiveCfg = Release|Any CPU
		{0928B2A9-342B-41B2-B7D6-B02477D864AB}.Debug|Any CPU.ActiveCfg = Debug|Any CPU
		{0928B2A9-342B-41B2-B7D6-B02477D864AB}.Debug|Any CPU.Build.0 = Debug|Any CPU
		{0928B2A9-342B-41B2-B7D6-B02477D864AB}.Debug|Mixed Platforms.ActiveCfg = Debug|Any CPU
		{0928B2A9-342B-41B2-B7D6-B02477D864AB}.Debug|Mixed Platforms.Build.0 = Debug|Any CPU
		{0928B2A9-342B-41B2-B7D6-B02477D864AB}.Debug|x86.ActiveCfg = Debug|Any CPU
		{0928B2A9-342B-41B2-B7D6-B02477D864AB}.Release|Any CPU.ActiveCfg = Release|Any CPU
		{0928B2A9-342B-41B2-B7D6-B02477D864AB}.Release|Any CPU.Build.0 = Release|Any CPU
		{0928B2A9-342B-41B2-B7D6-B02477D864AB}.Release|Mixed Platforms.ActiveCfg = Release|Any CPU
		{0928B2A9-342B-41B2-B7D6-B02477D864AB}.Release|Mixed Platforms.Build.0 = Release|Any CPU
		{0928B2A9-342B-41B2-B7D6-B02477D864AB}.Release|x86.ActiveCfg = Release|Any CPU
		{DCDC78A9-C4A7-4667-A3B1-AFDB1EE4199D}.Debug|Any CPU.ActiveCfg = Debug|Any CPU
		{DCDC78A9-C4A7-4667-A3B1-AFDB1EE4199D}.Debug|Any CPU.Build.0 = Debug|Any CPU
		{DCDC78A9-C4A7-4667-A3B1-AFDB1EE4199D}.Debug|Mixed Platforms.ActiveCfg = Debug|Any CPU
		{DCDC78A9-C4A7-4667-A3B1-AFDB1EE4199D}.Debug|Mixed Platforms.Build.0 = Debug|Any CPU
		{DCDC78A9-C4A7-4667-A3B1-AFDB1EE4199D}.Debug|x86.ActiveCfg = Debug|Any CPU
		{DCDC78A9-C4A7-4667-A3B1-AFDB1EE4199D}.Release|Any CPU.ActiveCfg = Release|Any CPU
		{DCDC78A9-C4A7-4667-A3B1-AFDB1EE4199D}.Release|Any CPU.Build.0 = Release|Any CPU
		{DCDC78A9-C4A7-4667-A3B1-AFDB1EE4199D}.Release|Mixed Platforms.ActiveCfg = Release|Any CPU
		{DCDC78A9-C4A7-4667-A3B1-AFDB1EE4199D}.Release|Mixed Platforms.Build.0 = Release|Any CPU
		{DCDC78A9-C4A7-4667-A3B1-AFDB1EE4199D}.Release|x86.ActiveCfg = Release|Any CPU
		{97F0A877-D266-442E-AA13-F2EBF29A61A5}.Debug|Any CPU.ActiveCfg = Debug|Any CPU
		{97F0A877-D266-442E-AA13-F2EBF29A61A5}.Debug|Any CPU.Build.0 = Debug|Any CPU
		{97F0A877-D266-442E-AA13-F2EBF29A61A5}.Debug|Mixed Platforms.ActiveCfg = Debug|Any CPU
		{97F0A877-D266-442E-AA13-F2EBF29A61A5}.Debug|Mixed Platforms.Build.0 = Debug|Any CPU
		{97F0A877-D266-442E-AA13-F2EBF29A61A5}.Debug|x86.ActiveCfg = Debug|Any CPU
		{97F0A877-D266-442E-AA13-F2EBF29A61A5}.Release|Any CPU.ActiveCfg = Release|Any CPU
		{97F0A877-D266-442E-AA13-F2EBF29A61A5}.Release|Any CPU.Build.0 = Release|Any CPU
		{97F0A877-D266-442E-AA13-F2EBF29A61A5}.Release|Mixed Platforms.ActiveCfg = Release|Any CPU
		{97F0A877-D266-442E-AA13-F2EBF29A61A5}.Release|Mixed Platforms.Build.0 = Release|Any CPU
		{97F0A877-D266-442E-AA13-F2EBF29A61A5}.Release|x86.ActiveCfg = Release|Any CPU
		{E42E2B8C-8A5C-4A2A-B4CE-5FE339E566A8}.Debug|Any CPU.ActiveCfg = Debug|Any CPU
		{E42E2B8C-8A5C-4A2A-B4CE-5FE339E566A8}.Debug|Any CPU.Build.0 = Debug|Any CPU
		{E42E2B8C-8A5C-4A2A-B4CE-5FE339E566A8}.Debug|Mixed Platforms.ActiveCfg = Debug|Any CPU
		{E42E2B8C-8A5C-4A2A-B4CE-5FE339E566A8}.Debug|Mixed Platforms.Build.0 = Debug|Any CPU
		{E42E2B8C-8A5C-4A2A-B4CE-5FE339E566A8}.Debug|x86.ActiveCfg = Debug|Any CPU
		{E42E2B8C-8A5C-4A2A-B4CE-5FE339E566A8}.Release|Any CPU.ActiveCfg = Release|Any CPU
		{E42E2B8C-8A5C-4A2A-B4CE-5FE339E566A8}.Release|Any CPU.Build.0 = Release|Any CPU
		{E42E2B8C-8A5C-4A2A-B4CE-5FE339E566A8}.Release|Mixed Platforms.ActiveCfg = Release|Any CPU
		{E42E2B8C-8A5C-4A2A-B4CE-5FE339E566A8}.Release|Mixed Platforms.Build.0 = Release|Any CPU
		{E42E2B8C-8A5C-4A2A-B4CE-5FE339E566A8}.Release|x86.ActiveCfg = Release|Any CPU
		{834E57EE-7391-4E86-98DE-9407F80953B4}.Debug|Any CPU.ActiveCfg = Debug|Any CPU
		{834E57EE-7391-4E86-98DE-9407F80953B4}.Debug|Any CPU.Build.0 = Debug|Any CPU
		{834E57EE-7391-4E86-98DE-9407F80953B4}.Debug|Mixed Platforms.ActiveCfg = Debug|Any CPU
		{834E57EE-7391-4E86-98DE-9407F80953B4}.Debug|Mixed Platforms.Build.0 = Debug|Any CPU
		{834E57EE-7391-4E86-98DE-9407F80953B4}.Debug|x86.ActiveCfg = Debug|Any CPU
		{834E57EE-7391-4E86-98DE-9407F80953B4}.Release|Any CPU.ActiveCfg = Release|Any CPU
		{834E57EE-7391-4E86-98DE-9407F80953B4}.Release|Any CPU.Build.0 = Release|Any CPU
		{834E57EE-7391-4E86-98DE-9407F80953B4}.Release|Mixed Platforms.ActiveCfg = Release|Any CPU
		{834E57EE-7391-4E86-98DE-9407F80953B4}.Release|Mixed Platforms.Build.0 = Release|Any CPU
		{834E57EE-7391-4E86-98DE-9407F80953B4}.Release|x86.ActiveCfg = Release|Any CPU
		{8C7D1927-494E-4F0C-B5FA-3AA8B0DA6F54}.Debug|Any CPU.ActiveCfg = Debug|Any CPU
		{8C7D1927-494E-4F0C-B5FA-3AA8B0DA6F54}.Debug|Any CPU.Build.0 = Debug|Any CPU
		{8C7D1927-494E-4F0C-B5FA-3AA8B0DA6F54}.Debug|Mixed Platforms.ActiveCfg = Debug|Any CPU
		{8C7D1927-494E-4F0C-B5FA-3AA8B0DA6F54}.Debug|Mixed Platforms.Build.0 = Debug|Any CPU
		{8C7D1927-494E-4F0C-B5FA-3AA8B0DA6F54}.Debug|x86.ActiveCfg = Debug|Any CPU
		{8C7D1927-494E-4F0C-B5FA-3AA8B0DA6F54}.Release|Any CPU.ActiveCfg = Release|Any CPU
		{8C7D1927-494E-4F0C-B5FA-3AA8B0DA6F54}.Release|Any CPU.Build.0 = Release|Any CPU
		{8C7D1927-494E-4F0C-B5FA-3AA8B0DA6F54}.Release|Mixed Platforms.ActiveCfg = Release|Any CPU
		{8C7D1927-494E-4F0C-B5FA-3AA8B0DA6F54}.Release|Mixed Platforms.Build.0 = Release|Any CPU
		{8C7D1927-494E-4F0C-B5FA-3AA8B0DA6F54}.Release|x86.ActiveCfg = Release|Any CPU
		{B7E067E8-77EA-4176-B582-80CBA9E0F8F1}.Debug|Any CPU.ActiveCfg = Debug|Any CPU
		{B7E067E8-77EA-4176-B582-80CBA9E0F8F1}.Debug|Any CPU.Build.0 = Debug|Any CPU
		{B7E067E8-77EA-4176-B582-80CBA9E0F8F1}.Debug|Mixed Platforms.ActiveCfg = Debug|Any CPU
		{B7E067E8-77EA-4176-B582-80CBA9E0F8F1}.Debug|Mixed Platforms.Build.0 = Debug|Any CPU
		{B7E067E8-77EA-4176-B582-80CBA9E0F8F1}.Debug|x86.ActiveCfg = Debug|Any CPU
		{B7E067E8-77EA-4176-B582-80CBA9E0F8F1}.Release|Any CPU.ActiveCfg = Release|Any CPU
		{B7E067E8-77EA-4176-B582-80CBA9E0F8F1}.Release|Any CPU.Build.0 = Release|Any CPU
		{B7E067E8-77EA-4176-B582-80CBA9E0F8F1}.Release|Mixed Platforms.ActiveCfg = Release|Any CPU
		{B7E067E8-77EA-4176-B582-80CBA9E0F8F1}.Release|Mixed Platforms.Build.0 = Release|Any CPU
		{B7E067E8-77EA-4176-B582-80CBA9E0F8F1}.Release|x86.ActiveCfg = Release|Any CPU
		{7B5C909E-29BE-4235-A9C3-8800090668D8}.Debug|Any CPU.ActiveCfg = Debug|Any CPU
		{7B5C909E-29BE-4235-A9C3-8800090668D8}.Debug|Any CPU.Build.0 = Debug|Any CPU
		{7B5C909E-29BE-4235-A9C3-8800090668D8}.Debug|Mixed Platforms.ActiveCfg = Debug|Any CPU
		{7B5C909E-29BE-4235-A9C3-8800090668D8}.Debug|Mixed Platforms.Build.0 = Debug|Any CPU
		{7B5C909E-29BE-4235-A9C3-8800090668D8}.Debug|x86.ActiveCfg = Debug|Any CPU
		{7B5C909E-29BE-4235-A9C3-8800090668D8}.Release|Any CPU.ActiveCfg = Release|Any CPU
		{7B5C909E-29BE-4235-A9C3-8800090668D8}.Release|Any CPU.Build.0 = Release|Any CPU
		{7B5C909E-29BE-4235-A9C3-8800090668D8}.Release|Mixed Platforms.ActiveCfg = Release|Any CPU
		{7B5C909E-29BE-4235-A9C3-8800090668D8}.Release|Mixed Platforms.Build.0 = Release|Any CPU
		{7B5C909E-29BE-4235-A9C3-8800090668D8}.Release|x86.ActiveCfg = Release|Any CPU
		{C1A7D726-B19C-4C15-9C35-5D0747DF0408}.Debug|Any CPU.ActiveCfg = Debug|Any CPU
		{C1A7D726-B19C-4C15-9C35-5D0747DF0408}.Debug|Any CPU.Build.0 = Debug|Any CPU
		{C1A7D726-B19C-4C15-9C35-5D0747DF0408}.Debug|Mixed Platforms.ActiveCfg = Debug|Any CPU
		{C1A7D726-B19C-4C15-9C35-5D0747DF0408}.Debug|Mixed Platforms.Build.0 = Debug|Any CPU
		{C1A7D726-B19C-4C15-9C35-5D0747DF0408}.Debug|x86.ActiveCfg = Debug|Any CPU
		{C1A7D726-B19C-4C15-9C35-5D0747DF0408}.Release|Any CPU.ActiveCfg = Release|Any CPU
		{C1A7D726-B19C-4C15-9C35-5D0747DF0408}.Release|Any CPU.Build.0 = Release|Any CPU
		{C1A7D726-B19C-4C15-9C35-5D0747DF0408}.Release|Mixed Platforms.ActiveCfg = Release|Any CPU
		{C1A7D726-B19C-4C15-9C35-5D0747DF0408}.Release|Mixed Platforms.Build.0 = Release|Any CPU
		{C1A7D726-B19C-4C15-9C35-5D0747DF0408}.Release|x86.ActiveCfg = Release|Any CPU
		{B20BB482-E3B0-4072-9E57-155A297877B1}.Debug|Any CPU.ActiveCfg = Debug|Any CPU
		{B20BB482-E3B0-4072-9E57-155A297877B1}.Debug|Any CPU.Build.0 = Debug|Any CPU
		{B20BB482-E3B0-4072-9E57-155A297877B1}.Debug|Mixed Platforms.ActiveCfg = Debug|Any CPU
		{B20BB482-E3B0-4072-9E57-155A297877B1}.Debug|Mixed Platforms.Build.0 = Debug|Any CPU
		{B20BB482-E3B0-4072-9E57-155A297877B1}.Debug|x86.ActiveCfg = Debug|Any CPU
		{B20BB482-E3B0-4072-9E57-155A297877B1}.Release|Any CPU.ActiveCfg = Release|Any CPU
		{B20BB482-E3B0-4072-9E57-155A297877B1}.Release|Any CPU.Build.0 = Release|Any CPU
		{B20BB482-E3B0-4072-9E57-155A297877B1}.Release|Mixed Platforms.ActiveCfg = Release|Any CPU
		{B20BB482-E3B0-4072-9E57-155A297877B1}.Release|Mixed Platforms.Build.0 = Release|Any CPU
		{B20BB482-E3B0-4072-9E57-155A297877B1}.Release|x86.ActiveCfg = Release|Any CPU
		{7060DA89-B0A7-4DA6-9C91-D14CDF975B17}.Debug|Any CPU.ActiveCfg = Debug|Any CPU
		{7060DA89-B0A7-4DA6-9C91-D14CDF975B17}.Debug|Any CPU.Build.0 = Debug|Any CPU
		{7060DA89-B0A7-4DA6-9C91-D14CDF975B17}.Debug|Mixed Platforms.ActiveCfg = Debug|Any CPU
		{7060DA89-B0A7-4DA6-9C91-D14CDF975B17}.Debug|Mixed Platforms.Build.0 = Debug|Any CPU
		{7060DA89-B0A7-4DA6-9C91-D14CDF975B17}.Debug|x86.ActiveCfg = Debug|Any CPU
		{7060DA89-B0A7-4DA6-9C91-D14CDF975B17}.Release|Any CPU.ActiveCfg = Release|Any CPU
		{7060DA89-B0A7-4DA6-9C91-D14CDF975B17}.Release|Any CPU.Build.0 = Release|Any CPU
		{7060DA89-B0A7-4DA6-9C91-D14CDF975B17}.Release|Mixed Platforms.ActiveCfg = Release|Any CPU
		{7060DA89-B0A7-4DA6-9C91-D14CDF975B17}.Release|Mixed Platforms.Build.0 = Release|Any CPU
		{7060DA89-B0A7-4DA6-9C91-D14CDF975B17}.Release|x86.ActiveCfg = Release|Any CPU
		{BD9F7185-BB12-4E30-AB45-8665BF1D2D19}.Debug|Any CPU.ActiveCfg = Debug|Any CPU
		{BD9F7185-BB12-4E30-AB45-8665BF1D2D19}.Debug|Any CPU.Build.0 = Debug|Any CPU
		{BD9F7185-BB12-4E30-AB45-8665BF1D2D19}.Debug|Mixed Platforms.ActiveCfg = Debug|Any CPU
		{BD9F7185-BB12-4E30-AB45-8665BF1D2D19}.Debug|Mixed Platforms.Build.0 = Debug|Any CPU
		{BD9F7185-BB12-4E30-AB45-8665BF1D2D19}.Debug|x86.ActiveCfg = Debug|Any CPU
		{BD9F7185-BB12-4E30-AB45-8665BF1D2D19}.Release|Any CPU.ActiveCfg = Release|Any CPU
		{BD9F7185-BB12-4E30-AB45-8665BF1D2D19}.Release|Any CPU.Build.0 = Release|Any CPU
		{BD9F7185-BB12-4E30-AB45-8665BF1D2D19}.Release|Mixed Platforms.ActiveCfg = Release|Any CPU
		{BD9F7185-BB12-4E30-AB45-8665BF1D2D19}.Release|Mixed Platforms.Build.0 = Release|Any CPU
		{BD9F7185-BB12-4E30-AB45-8665BF1D2D19}.Release|x86.ActiveCfg = Release|Any CPU
		{67E5D424-4608-4EE3-AE5C-B419E0A0ABBD}.Debug|Any CPU.ActiveCfg = Debug|Any CPU
		{67E5D424-4608-4EE3-AE5C-B419E0A0ABBD}.Debug|Any CPU.Build.0 = Debug|Any CPU
		{67E5D424-4608-4EE3-AE5C-B419E0A0ABBD}.Debug|Mixed Platforms.ActiveCfg = Debug|Any CPU
		{67E5D424-4608-4EE3-AE5C-B419E0A0ABBD}.Debug|Mixed Platforms.Build.0 = Debug|Any CPU
		{67E5D424-4608-4EE3-AE5C-B419E0A0ABBD}.Debug|x86.ActiveCfg = Debug|Any CPU
		{67E5D424-4608-4EE3-AE5C-B419E0A0ABBD}.Release|Any CPU.ActiveCfg = Release|Any CPU
		{67E5D424-4608-4EE3-AE5C-B419E0A0ABBD}.Release|Any CPU.Build.0 = Release|Any CPU
		{67E5D424-4608-4EE3-AE5C-B419E0A0ABBD}.Release|Mixed Platforms.ActiveCfg = Release|Any CPU
		{67E5D424-4608-4EE3-AE5C-B419E0A0ABBD}.Release|Mixed Platforms.Build.0 = Release|Any CPU
		{67E5D424-4608-4EE3-AE5C-B419E0A0ABBD}.Release|x86.ActiveCfg = Release|Any CPU
		{EC3844FA-70E1-48EA-8E0B-C0875EFECD7D}.Debug|Any CPU.ActiveCfg = Debug|Any CPU
		{EC3844FA-70E1-48EA-8E0B-C0875EFECD7D}.Debug|Any CPU.Build.0 = Debug|Any CPU
		{EC3844FA-70E1-48EA-8E0B-C0875EFECD7D}.Debug|Mixed Platforms.ActiveCfg = Debug|Any CPU
		{EC3844FA-70E1-48EA-8E0B-C0875EFECD7D}.Debug|Mixed Platforms.Build.0 = Debug|Any CPU
		{EC3844FA-70E1-48EA-8E0B-C0875EFECD7D}.Debug|x86.ActiveCfg = Debug|Any CPU
		{EC3844FA-70E1-48EA-8E0B-C0875EFECD7D}.Release|Any CPU.ActiveCfg = Release|Any CPU
		{EC3844FA-70E1-48EA-8E0B-C0875EFECD7D}.Release|Any CPU.Build.0 = Release|Any CPU
		{EC3844FA-70E1-48EA-8E0B-C0875EFECD7D}.Release|Mixed Platforms.ActiveCfg = Release|Any CPU
		{EC3844FA-70E1-48EA-8E0B-C0875EFECD7D}.Release|Mixed Platforms.Build.0 = Release|Any CPU
		{EC3844FA-70E1-48EA-8E0B-C0875EFECD7D}.Release|x86.ActiveCfg = Release|Any CPU
		{496A0B4E-73A4-4124-8801-D56D884FEF92}.Debug|Any CPU.ActiveCfg = Debug|Any CPU
		{496A0B4E-73A4-4124-8801-D56D884FEF92}.Debug|Any CPU.Build.0 = Debug|Any CPU
		{496A0B4E-73A4-4124-8801-D56D884FEF92}.Debug|Mixed Platforms.ActiveCfg = Debug|Any CPU
		{496A0B4E-73A4-4124-8801-D56D884FEF92}.Debug|Mixed Platforms.Build.0 = Debug|Any CPU
		{496A0B4E-73A4-4124-8801-D56D884FEF92}.Debug|x86.ActiveCfg = Debug|Any CPU
		{496A0B4E-73A4-4124-8801-D56D884FEF92}.Release|Any CPU.ActiveCfg = Release|Any CPU
		{496A0B4E-73A4-4124-8801-D56D884FEF92}.Release|Any CPU.Build.0 = Release|Any CPU
		{496A0B4E-73A4-4124-8801-D56D884FEF92}.Release|Mixed Platforms.ActiveCfg = Release|Any CPU
		{496A0B4E-73A4-4124-8801-D56D884FEF92}.Release|Mixed Platforms.Build.0 = Release|Any CPU
		{496A0B4E-73A4-4124-8801-D56D884FEF92}.Release|x86.ActiveCfg = Release|Any CPU
		{DE9F38C3-5725-4330-B86F-1A6CBFCD2A1D}.Debug|Any CPU.ActiveCfg = Debug|Any CPU
		{DE9F38C3-5725-4330-B86F-1A6CBFCD2A1D}.Debug|Any CPU.Build.0 = Debug|Any CPU
		{DE9F38C3-5725-4330-B86F-1A6CBFCD2A1D}.Debug|Mixed Platforms.ActiveCfg = Debug|Any CPU
		{DE9F38C3-5725-4330-B86F-1A6CBFCD2A1D}.Debug|Mixed Platforms.Build.0 = Debug|Any CPU
		{DE9F38C3-5725-4330-B86F-1A6CBFCD2A1D}.Debug|x86.ActiveCfg = Debug|Any CPU
		{DE9F38C3-5725-4330-B86F-1A6CBFCD2A1D}.Release|Any CPU.ActiveCfg = Release|Any CPU
		{DE9F38C3-5725-4330-B86F-1A6CBFCD2A1D}.Release|Any CPU.Build.0 = Release|Any CPU
		{DE9F38C3-5725-4330-B86F-1A6CBFCD2A1D}.Release|Mixed Platforms.ActiveCfg = Release|Any CPU
		{DE9F38C3-5725-4330-B86F-1A6CBFCD2A1D}.Release|Mixed Platforms.Build.0 = Release|Any CPU
		{DE9F38C3-5725-4330-B86F-1A6CBFCD2A1D}.Release|x86.ActiveCfg = Release|Any CPU
		{3F3F1220-F3BB-4D8C-BD69-6E8D6E739ABE}.Debug|Any CPU.ActiveCfg = Debug|Any CPU
		{3F3F1220-F3BB-4D8C-BD69-6E8D6E739ABE}.Debug|Any CPU.Build.0 = Debug|Any CPU
		{3F3F1220-F3BB-4D8C-BD69-6E8D6E739ABE}.Debug|Mixed Platforms.ActiveCfg = Debug|Any CPU
		{3F3F1220-F3BB-4D8C-BD69-6E8D6E739ABE}.Debug|Mixed Platforms.Build.0 = Debug|Any CPU
		{3F3F1220-F3BB-4D8C-BD69-6E8D6E739ABE}.Debug|x86.ActiveCfg = Debug|Any CPU
		{3F3F1220-F3BB-4D8C-BD69-6E8D6E739ABE}.Release|Any CPU.ActiveCfg = Release|Any CPU
		{3F3F1220-F3BB-4D8C-BD69-6E8D6E739ABE}.Release|Any CPU.Build.0 = Release|Any CPU
		{3F3F1220-F3BB-4D8C-BD69-6E8D6E739ABE}.Release|Mixed Platforms.ActiveCfg = Release|Any CPU
		{3F3F1220-F3BB-4D8C-BD69-6E8D6E739ABE}.Release|Mixed Platforms.Build.0 = Release|Any CPU
		{3F3F1220-F3BB-4D8C-BD69-6E8D6E739ABE}.Release|x86.ActiveCfg = Release|Any CPU
		{42E787CE-E02A-472F-80DC-AF1F480A1132}.Debug|Any CPU.ActiveCfg = Debug|Any CPU
		{42E787CE-E02A-472F-80DC-AF1F480A1132}.Debug|Any CPU.Build.0 = Debug|Any CPU
		{42E787CE-E02A-472F-80DC-AF1F480A1132}.Debug|Mixed Platforms.ActiveCfg = Debug|Any CPU
		{42E787CE-E02A-472F-80DC-AF1F480A1132}.Debug|Mixed Platforms.Build.0 = Debug|Any CPU
		{42E787CE-E02A-472F-80DC-AF1F480A1132}.Debug|x86.ActiveCfg = Debug|Any CPU
		{42E787CE-E02A-472F-80DC-AF1F480A1132}.Release|Any CPU.ActiveCfg = Release|Any CPU
		{42E787CE-E02A-472F-80DC-AF1F480A1132}.Release|Any CPU.Build.0 = Release|Any CPU
		{42E787CE-E02A-472F-80DC-AF1F480A1132}.Release|Mixed Platforms.ActiveCfg = Release|Any CPU
		{42E787CE-E02A-472F-80DC-AF1F480A1132}.Release|Mixed Platforms.Build.0 = Release|Any CPU
		{42E787CE-E02A-472F-80DC-AF1F480A1132}.Release|x86.ActiveCfg = Release|Any CPU
		{68AAEB60-71E7-4428-AEBC-8202F2AD5E6C}.Debug|Any CPU.ActiveCfg = Debug|Any CPU
		{68AAEB60-71E7-4428-AEBC-8202F2AD5E6C}.Debug|Any CPU.Build.0 = Debug|Any CPU
		{68AAEB60-71E7-4428-AEBC-8202F2AD5E6C}.Debug|Mixed Platforms.ActiveCfg = Debug|Any CPU
		{68AAEB60-71E7-4428-AEBC-8202F2AD5E6C}.Debug|Mixed Platforms.Build.0 = Debug|Any CPU
		{68AAEB60-71E7-4428-AEBC-8202F2AD5E6C}.Debug|x86.ActiveCfg = Debug|Any CPU
		{68AAEB60-71E7-4428-AEBC-8202F2AD5E6C}.Release|Any CPU.ActiveCfg = Release|Any CPU
		{68AAEB60-71E7-4428-AEBC-8202F2AD5E6C}.Release|Any CPU.Build.0 = Release|Any CPU
		{68AAEB60-71E7-4428-AEBC-8202F2AD5E6C}.Release|Mixed Platforms.ActiveCfg = Release|Any CPU
		{68AAEB60-71E7-4428-AEBC-8202F2AD5E6C}.Release|Mixed Platforms.Build.0 = Release|Any CPU
		{68AAEB60-71E7-4428-AEBC-8202F2AD5E6C}.Release|x86.ActiveCfg = Release|Any CPU
		{C9D6E015-5459-4964-A8DA-08AD4960E55E}.Debug|Any CPU.ActiveCfg = Debug|Any CPU
		{C9D6E015-5459-4964-A8DA-08AD4960E55E}.Debug|Any CPU.Build.0 = Debug|Any CPU
		{C9D6E015-5459-4964-A8DA-08AD4960E55E}.Debug|Mixed Platforms.ActiveCfg = Debug|Any CPU
		{C9D6E015-5459-4964-A8DA-08AD4960E55E}.Debug|Mixed Platforms.Build.0 = Debug|Any CPU
		{C9D6E015-5459-4964-A8DA-08AD4960E55E}.Debug|x86.ActiveCfg = Debug|Any CPU
		{C9D6E015-5459-4964-A8DA-08AD4960E55E}.Release|Any CPU.ActiveCfg = Release|Any CPU
		{C9D6E015-5459-4964-A8DA-08AD4960E55E}.Release|Any CPU.Build.0 = Release|Any CPU
		{C9D6E015-5459-4964-A8DA-08AD4960E55E}.Release|Mixed Platforms.ActiveCfg = Release|Any CPU
		{C9D6E015-5459-4964-A8DA-08AD4960E55E}.Release|Mixed Platforms.Build.0 = Release|Any CPU
		{C9D6E015-5459-4964-A8DA-08AD4960E55E}.Release|x86.ActiveCfg = Release|Any CPU
		{B5901999-4F3C-4313-BF05-70299AE4EC2A}.Debug|Any CPU.ActiveCfg = Debug|Any CPU
		{B5901999-4F3C-4313-BF05-70299AE4EC2A}.Debug|Any CPU.Build.0 = Debug|Any CPU
		{B5901999-4F3C-4313-BF05-70299AE4EC2A}.Debug|Mixed Platforms.ActiveCfg = Debug|Any CPU
		{B5901999-4F3C-4313-BF05-70299AE4EC2A}.Debug|Mixed Platforms.Build.0 = Debug|Any CPU
		{B5901999-4F3C-4313-BF05-70299AE4EC2A}.Debug|x86.ActiveCfg = Debug|Any CPU
		{B5901999-4F3C-4313-BF05-70299AE4EC2A}.Release|Any CPU.ActiveCfg = Release|Any CPU
		{B5901999-4F3C-4313-BF05-70299AE4EC2A}.Release|Any CPU.Build.0 = Release|Any CPU
		{B5901999-4F3C-4313-BF05-70299AE4EC2A}.Release|Mixed Platforms.ActiveCfg = Release|Any CPU
		{B5901999-4F3C-4313-BF05-70299AE4EC2A}.Release|Mixed Platforms.Build.0 = Release|Any CPU
		{B5901999-4F3C-4313-BF05-70299AE4EC2A}.Release|x86.ActiveCfg = Release|Any CPU
		{350FEA40-5A3C-49C8-A6F0-DFE571463C04}.Debug|Any CPU.ActiveCfg = Debug|Any CPU
		{350FEA40-5A3C-49C8-A6F0-DFE571463C04}.Debug|Any CPU.Build.0 = Debug|Any CPU
		{350FEA40-5A3C-49C8-A6F0-DFE571463C04}.Debug|Mixed Platforms.ActiveCfg = Debug|Any CPU
		{350FEA40-5A3C-49C8-A6F0-DFE571463C04}.Debug|Mixed Platforms.Build.0 = Debug|Any CPU
		{350FEA40-5A3C-49C8-A6F0-DFE571463C04}.Debug|x86.ActiveCfg = Debug|Any CPU
		{350FEA40-5A3C-49C8-A6F0-DFE571463C04}.Release|Any CPU.ActiveCfg = Release|Any CPU
		{350FEA40-5A3C-49C8-A6F0-DFE571463C04}.Release|Any CPU.Build.0 = Release|Any CPU
		{350FEA40-5A3C-49C8-A6F0-DFE571463C04}.Release|Mixed Platforms.ActiveCfg = Release|Any CPU
		{350FEA40-5A3C-49C8-A6F0-DFE571463C04}.Release|Mixed Platforms.Build.0 = Release|Any CPU
		{350FEA40-5A3C-49C8-A6F0-DFE571463C04}.Release|x86.ActiveCfg = Release|Any CPU
		{2700E20C-B065-4D30-856E-56F804BC0A5D}.Debug|Any CPU.ActiveCfg = Debug|Any CPU
		{2700E20C-B065-4D30-856E-56F804BC0A5D}.Debug|Any CPU.Build.0 = Debug|Any CPU
		{2700E20C-B065-4D30-856E-56F804BC0A5D}.Debug|Mixed Platforms.ActiveCfg = Debug|Any CPU
		{2700E20C-B065-4D30-856E-56F804BC0A5D}.Debug|Mixed Platforms.Build.0 = Debug|Any CPU
		{2700E20C-B065-4D30-856E-56F804BC0A5D}.Debug|x86.ActiveCfg = Debug|Any CPU
		{2700E20C-B065-4D30-856E-56F804BC0A5D}.Release|Any CPU.ActiveCfg = Release|Any CPU
		{2700E20C-B065-4D30-856E-56F804BC0A5D}.Release|Any CPU.Build.0 = Release|Any CPU
		{2700E20C-B065-4D30-856E-56F804BC0A5D}.Release|Mixed Platforms.ActiveCfg = Release|Any CPU
		{2700E20C-B065-4D30-856E-56F804BC0A5D}.Release|Mixed Platforms.Build.0 = Release|Any CPU
		{2700E20C-B065-4D30-856E-56F804BC0A5D}.Release|x86.ActiveCfg = Release|Any CPU
		{4D06DD3F-9CA3-4E57-A3C9-A95095951AF1}.Debug|Any CPU.ActiveCfg = Debug|Any CPU
		{4D06DD3F-9CA3-4E57-A3C9-A95095951AF1}.Debug|Any CPU.Build.0 = Debug|Any CPU
		{4D06DD3F-9CA3-4E57-A3C9-A95095951AF1}.Debug|Mixed Platforms.ActiveCfg = Debug|Any CPU
		{4D06DD3F-9CA3-4E57-A3C9-A95095951AF1}.Debug|Mixed Platforms.Build.0 = Debug|Any CPU
		{4D06DD3F-9CA3-4E57-A3C9-A95095951AF1}.Debug|x86.ActiveCfg = Debug|Any CPU
		{4D06DD3F-9CA3-4E57-A3C9-A95095951AF1}.Release|Any CPU.ActiveCfg = Release|Any CPU
		{4D06DD3F-9CA3-4E57-A3C9-A95095951AF1}.Release|Any CPU.Build.0 = Release|Any CPU
		{4D06DD3F-9CA3-4E57-A3C9-A95095951AF1}.Release|Mixed Platforms.ActiveCfg = Release|Any CPU
		{4D06DD3F-9CA3-4E57-A3C9-A95095951AF1}.Release|Mixed Platforms.Build.0 = Release|Any CPU
		{4D06DD3F-9CA3-4E57-A3C9-A95095951AF1}.Release|x86.ActiveCfg = Release|Any CPU
		{11D03CDB-AAC6-4105-88E3-96F7CB2C05ED}.Debug|Any CPU.ActiveCfg = Debug|Any CPU
		{11D03CDB-AAC6-4105-88E3-96F7CB2C05ED}.Debug|Any CPU.Build.0 = Debug|Any CPU
		{11D03CDB-AAC6-4105-88E3-96F7CB2C05ED}.Debug|Mixed Platforms.ActiveCfg = Debug|Any CPU
		{11D03CDB-AAC6-4105-88E3-96F7CB2C05ED}.Debug|Mixed Platforms.Build.0 = Debug|Any CPU
		{11D03CDB-AAC6-4105-88E3-96F7CB2C05ED}.Debug|x86.ActiveCfg = Debug|Any CPU
		{11D03CDB-AAC6-4105-88E3-96F7CB2C05ED}.Release|Any CPU.ActiveCfg = Release|Any CPU
		{11D03CDB-AAC6-4105-88E3-96F7CB2C05ED}.Release|Any CPU.Build.0 = Release|Any CPU
		{11D03CDB-AAC6-4105-88E3-96F7CB2C05ED}.Release|Mixed Platforms.ActiveCfg = Release|Any CPU
		{11D03CDB-AAC6-4105-88E3-96F7CB2C05ED}.Release|Mixed Platforms.Build.0 = Release|Any CPU
		{11D03CDB-AAC6-4105-88E3-96F7CB2C05ED}.Release|x86.ActiveCfg = Release|Any CPU
		{46BB675C-7DC0-48ED-95DE-C5A07E589808}.Debug|Any CPU.ActiveCfg = Debug|x86
		{46BB675C-7DC0-48ED-95DE-C5A07E589808}.Debug|Mixed Platforms.ActiveCfg = Debug|x86
		{46BB675C-7DC0-48ED-95DE-C5A07E589808}.Debug|Mixed Platforms.Build.0 = Debug|x86
		{46BB675C-7DC0-48ED-95DE-C5A07E589808}.Debug|x86.ActiveCfg = Debug|x86
		{46BB675C-7DC0-48ED-95DE-C5A07E589808}.Debug|x86.Build.0 = Debug|x86
		{46BB675C-7DC0-48ED-95DE-C5A07E589808}.Release|Any CPU.ActiveCfg = Release|x86
		{46BB675C-7DC0-48ED-95DE-C5A07E589808}.Release|Mixed Platforms.ActiveCfg = Release|x86
		{46BB675C-7DC0-48ED-95DE-C5A07E589808}.Release|Mixed Platforms.Build.0 = Release|x86
		{46BB675C-7DC0-48ED-95DE-C5A07E589808}.Release|x86.ActiveCfg = Release|x86
		{46BB675C-7DC0-48ED-95DE-C5A07E589808}.Release|x86.Build.0 = Release|x86
	EndGlobalSection
	GlobalSection(SolutionProperties) = preSolution
		HideSolutionNode = FALSE
	EndGlobalSection
	GlobalSection(NestedProjects) = preSolution
		{4E7B6F3F-E6A5-4E48-9022-1BD87730C50C} = {252F5135-D333-4684-B360-D139969B54DE}
		{A50B38E3-CE17-4EE0-B0DC-B05F9C00C1FF} = {252F5135-D333-4684-B360-D139969B54DE}
		{6A2E1632-64FE-4B15-BD79-2BCE0B197882} = {252F5135-D333-4684-B360-D139969B54DE}
		{AF096E41-83B7-4AC3-8B3D-F7389868F025} = {252F5135-D333-4684-B360-D139969B54DE}
		{5416C705-BEFE-48B1-97D3-854FBAF3EAB7} = {252F5135-D333-4684-B360-D139969B54DE}
		{DCAEF23F-3DD9-4443-AA17-9F9EFE4A66CE} = {252F5135-D333-4684-B360-D139969B54DE}
		{182B4944-21DF-49B0-AB9E-09FB63EA4B59} = {252F5135-D333-4684-B360-D139969B54DE}
		{D23C9839-ED46-4007-95FB-0F87E6C877DE} = {252F5135-D333-4684-B360-D139969B54DE}
		{00FC1294-A92B-4FE0-BD33-9A5F50517272} = {252F5135-D333-4684-B360-D139969B54DE}
		{F6FDAB0F-5FC4-4CAB-83B8-77D44A7CF4E7} = {252F5135-D333-4684-B360-D139969B54DE}
		{B85F6D05-8288-44C3-9911-24138390BB56} = {252F5135-D333-4684-B360-D139969B54DE}
		{926D8172-2D23-4752-8567-C3157075CBB5} = {252F5135-D333-4684-B360-D139969B54DE}
		{49137556-9D2B-4630-9B33-BA41515BE0BC} = {252F5135-D333-4684-B360-D139969B54DE}
		{4A6E0FB8-D169-4F34-A90E-EA8CFA40C37E} = {252F5135-D333-4684-B360-D139969B54DE}
		{611F9736-9DAA-4502-A2FA-0A489B8AC1F4} = {252F5135-D333-4684-B360-D139969B54DE}
		{C1618D91-E9DA-48B4-AD7A-3C62CE3F471A} = {252F5135-D333-4684-B360-D139969B54DE}
		{BABB198C-F09C-4A5C-9ADD-8B291DE5E971} = {252F5135-D333-4684-B360-D139969B54DE}
		{121903E6-3D51-4FC0-BB94-A34FD7D386F4} = {252F5135-D333-4684-B360-D139969B54DE}
		{4AA2E97E-D542-49B6-811E-8FE883C18DDF} = {252F5135-D333-4684-B360-D139969B54DE}
		{EF70BFD1-35D9-428F-B4EC-146A28497662} = {252F5135-D333-4684-B360-D139969B54DE}
		{393317C6-FE2F-4C21-81EF-3562E9C49733} = {252F5135-D333-4684-B360-D139969B54DE}
		{22964F13-D5B7-4B6B-8C9E-A3093520F9D7} = {252F5135-D333-4684-B360-D139969B54DE}
		{87904080-CE7C-42D3-A822-5203ED566589} = {252F5135-D333-4684-B360-D139969B54DE}
		{6BC06B4F-BA2D-4824-9DEF-78FC16FFFF9A} = {252F5135-D333-4684-B360-D139969B54DE}
		{86A0D8EF-666D-400C-82C9-575A0A358A08} = {252F5135-D333-4684-B360-D139969B54DE}
		{029781FB-86B6-4A45-8BEC-4AF30260FDD6} = {252F5135-D333-4684-B360-D139969B54DE}
		{0928B2A9-342B-41B2-B7D6-B02477D864AB} = {252F5135-D333-4684-B360-D139969B54DE}
		{DCDC78A9-C4A7-4667-A3B1-AFDB1EE4199D} = {252F5135-D333-4684-B360-D139969B54DE}
		{97F0A877-D266-442E-AA13-F2EBF29A61A5} = {252F5135-D333-4684-B360-D139969B54DE}
		{E42E2B8C-8A5C-4A2A-B4CE-5FE339E566A8} = {252F5135-D333-4684-B360-D139969B54DE}
		{834E57EE-7391-4E86-98DE-9407F80953B4} = {252F5135-D333-4684-B360-D139969B54DE}
		{8C7D1927-494E-4F0C-B5FA-3AA8B0DA6F54} = {252F5135-D333-4684-B360-D139969B54DE}
		{B7E067E8-77EA-4176-B582-80CBA9E0F8F1} = {252F5135-D333-4684-B360-D139969B54DE}
		{7B5C909E-29BE-4235-A9C3-8800090668D8} = {252F5135-D333-4684-B360-D139969B54DE}
		{C1A7D726-B19C-4C15-9C35-5D0747DF0408} = {252F5135-D333-4684-B360-D139969B54DE}
		{B20BB482-E3B0-4072-9E57-155A297877B1} = {252F5135-D333-4684-B360-D139969B54DE}
		{7060DA89-B0A7-4DA6-9C91-D14CDF975B17} = {252F5135-D333-4684-B360-D139969B54DE}
		{BD9F7185-BB12-4E30-AB45-8665BF1D2D19} = {252F5135-D333-4684-B360-D139969B54DE}
		{67E5D424-4608-4EE3-AE5C-B419E0A0ABBD} = {252F5135-D333-4684-B360-D139969B54DE}
		{EC3844FA-70E1-48EA-8E0B-C0875EFECD7D} = {252F5135-D333-4684-B360-D139969B54DE}
		{496A0B4E-73A4-4124-8801-D56D884FEF92} = {252F5135-D333-4684-B360-D139969B54DE}
		{DE9F38C3-5725-4330-B86F-1A6CBFCD2A1D} = {252F5135-D333-4684-B360-D139969B54DE}
		{3F3F1220-F3BB-4D8C-BD69-6E8D6E739ABE} = {252F5135-D333-4684-B360-D139969B54DE}
		{42E787CE-E02A-472F-80DC-AF1F480A1132} = {252F5135-D333-4684-B360-D139969B54DE}
		{68AAEB60-71E7-4428-AEBC-8202F2AD5E6C} = {252F5135-D333-4684-B360-D139969B54DE}
		{C9D6E015-5459-4964-A8DA-08AD4960E55E} = {252F5135-D333-4684-B360-D139969B54DE}
		{B5901999-4F3C-4313-BF05-70299AE4EC2A} = {252F5135-D333-4684-B360-D139969B54DE}
		{350FEA40-5A3C-49C8-A6F0-DFE571463C04} = {252F5135-D333-4684-B360-D139969B54DE}
		{2700E20C-B065-4D30-856E-56F804BC0A5D} = {252F5135-D333-4684-B360-D139969B54DE}
		{4D06DD3F-9CA3-4E57-A3C9-A95095951AF1} = {252F5135-D333-4684-B360-D139969B54DE}
		{11D03CDB-AAC6-4105-88E3-96F7CB2C05ED} = {252F5135-D333-4684-B360-D139969B54DE}
		{46BB675C-7DC0-48ED-95DE-C5A07E589808} = {252F5135-D333-4684-B360-D139969B54DE}
	EndGlobalSection
	GlobalSection(ExtensibilityGlobals) = postSolution
		VisualSVNWorkingCopyRoot = .
	EndGlobalSection
EndGlobal
